// !$*UTF8*$!
{
	archiveVersion = 1;
	classes = {
	};
	objectVersion = 56;
	objects = {

/* Begin PBXBuildFile section */
		975327B12C24859D0002774E /* exTut.json in Resources */ = {isa = PBXBuildFile; fileRef = 975327B02C24859D0002774E /* exTut.json */; };
		975327B52C2486140002774E /* exSubjects.json in Resources */ = {isa = PBXBuildFile; fileRef = 975327B42C2486140002774E /* exSubjects.json */; };
		975327B72C2486660002774E /* exTuts.json in Resources */ = {isa = PBXBuildFile; fileRef = 975327B62C2486660002774E /* exTuts.json */; };
		975327B92C2489350002774E /* CardsView.swift in Sources */ = {isa = PBXBuildFile; fileRef = 975327B82C2489350002774E /* CardsView.swift */; };
		97705C7A2C22C8CB0090348F /* checkmathe_iosApp.swift in Sources */ = {isa = PBXBuildFile; fileRef = 97705C792C22C8CB0090348F /* checkmathe_iosApp.swift */; };
		97705C7C2C22C8CB0090348F /* ContentView.swift in Sources */ = {isa = PBXBuildFile; fileRef = 97705C7B2C22C8CB0090348F /* ContentView.swift */; };
		97705C7E2C22C8CC0090348F /* Assets.xcassets in Resources */ = {isa = PBXBuildFile; fileRef = 97705C7D2C22C8CC0090348F /* Assets.xcassets */; };
		97705C812C22C8CC0090348F /* Preview Assets.xcassets in Resources */ = {isa = PBXBuildFile; fileRef = 97705C802C22C8CC0090348F /* Preview Assets.xcassets */; };
		97705C8E2C22D4F80090348F /* LoadingView.swift in Sources */ = {isa = PBXBuildFile; fileRef = 97705C8D2C22D4F80090348F /* LoadingView.swift */; };
		97705C922C22DF050090348F /* ModelData.swift in Sources */ = {isa = PBXBuildFile; fileRef = 97705C912C22DF050090348F /* ModelData.swift */; };
		97705C942C22DF570090348F /* exQuote.json in Resources */ = {isa = PBXBuildFile; fileRef = 97705C932C22DF570090348F /* exQuote.json */; };
		97705C982C22EC060090348F /* CManager.swift in Sources */ = {isa = PBXBuildFile; fileRef = 97705C972C22EC060090348F /* CManager.swift */; };
		97705C9A2C22EF4B0090348F /* AuthView.swift in Sources */ = {isa = PBXBuildFile; fileRef = 97705C992C22EF4B0090348F /* AuthView.swift */; };
		97705CA02C235EF40090348F /* Structs.swift in Sources */ = {isa = PBXBuildFile; fileRef = 97705C9F2C235EF40090348F /* Structs.swift */; };
		97705CCD2C2377050090348F /* WidgetKit.framework in Frameworks */ = {isa = PBXBuildFile; fileRef = 97705CB12C23769E0090348F /* WidgetKit.framework */; };
		97705CCE2C2377050090348F /* SwiftUI.framework in Frameworks */ = {isa = PBXBuildFile; fileRef = 97705CB32C23769E0090348F /* SwiftUI.framework */; };
		97705CD12C2377050090348F /* cm_widgetsBundle.swift in Sources */ = {isa = PBXBuildFile; fileRef = 97705CD02C2377050090348F /* cm_widgetsBundle.swift */; };
		97705CD32C2377050090348F /* cm_widgetsLiveActivity.swift in Sources */ = {isa = PBXBuildFile; fileRef = 97705CD22C2377050090348F /* cm_widgetsLiveActivity.swift */; };
		97705CD52C2377050090348F /* cm_widgets.swift in Sources */ = {isa = PBXBuildFile; fileRef = 97705CD42C2377050090348F /* cm_widgets.swift */; };
		97705CD72C2377050090348F /* AppIntent.swift in Sources */ = {isa = PBXBuildFile; fileRef = 97705CD62C2377050090348F /* AppIntent.swift */; };
		97705CD92C2377060090348F /* Assets.xcassets in Resources */ = {isa = PBXBuildFile; fileRef = 97705CD82C2377060090348F /* Assets.xcassets */; };
		97705CDD2C2377060090348F /* cm-widgetsExtension.appex in Embed Foundation Extensions */ = {isa = PBXBuildFile; fileRef = 97705CCC2C2377050090348F /* cm-widgetsExtension.appex */; settings = {ATTRIBUTES = (RemoveHeadersOnCopy, ); }; };
		97705CE22C237D4E0090348F /* InfoView.swift in Sources */ = {isa = PBXBuildFile; fileRef = 97705CE12C237D4E0090348F /* InfoView.swift */; };
		978A8E962C24F178002C775B /* DetailView.swift in Sources */ = {isa = PBXBuildFile; fileRef = 978A8E952C24F178002C775B /* DetailView.swift */; };
		978A8E982C24F633002C775B /* HomeView.swift in Sources */ = {isa = PBXBuildFile; fileRef = 978A8E972C24F633002C775B /* HomeView.swift */; };
/* End PBXBuildFile section */

/* Begin PBXContainerItemProxy section */
		97705CDB2C2377060090348F /* PBXContainerItemProxy */ = {
			isa = PBXContainerItemProxy;
			containerPortal = 97705C6E2C22C8CB0090348F /* Project object */;
			proxyType = 1;
			remoteGlobalIDString = 97705CCB2C2377050090348F;
			remoteInfo = "cm-widgetsExtension";
		};
/* End PBXContainerItemProxy section */

/* Begin PBXCopyFilesBuildPhase section */
		97705CC42C2376A00090348F /* Embed Foundation Extensions */ = {
			isa = PBXCopyFilesBuildPhase;
			buildActionMask = 2147483647;
			dstPath = "";
			dstSubfolderSpec = 13;
			files = (
				97705CDD2C2377060090348F /* cm-widgetsExtension.appex in Embed Foundation Extensions */,
			);
			name = "Embed Foundation Extensions";
			runOnlyForDeploymentPostprocessing = 0;
		};
/* End PBXCopyFilesBuildPhase section */

/* Begin PBXFileReference section */
		975327B02C24859D0002774E /* exTut.json */ = {isa = PBXFileReference; lastKnownFileType = text.json; path = exTut.json; sourceTree = "<group>"; };
		975327B42C2486140002774E /* exSubjects.json */ = {isa = PBXFileReference; lastKnownFileType = text.json; path = exSubjects.json; sourceTree = "<group>"; };
		975327B62C2486660002774E /* exTuts.json */ = {isa = PBXFileReference; lastKnownFileType = text.json; path = exTuts.json; sourceTree = "<group>"; };
		975327B82C2489350002774E /* CardsView.swift */ = {isa = PBXFileReference; lastKnownFileType = sourcecode.swift; path = CardsView.swift; sourceTree = "<group>"; };
		97705C762C22C8CB0090348F /* checkmathe-ios.app */ = {isa = PBXFileReference; explicitFileType = wrapper.application; includeInIndex = 0; path = "checkmathe-ios.app"; sourceTree = BUILT_PRODUCTS_DIR; };
		97705C792C22C8CB0090348F /* checkmathe_iosApp.swift */ = {isa = PBXFileReference; lastKnownFileType = sourcecode.swift; path = checkmathe_iosApp.swift; sourceTree = "<group>"; };
		97705C7B2C22C8CB0090348F /* ContentView.swift */ = {isa = PBXFileReference; lastKnownFileType = sourcecode.swift; path = ContentView.swift; sourceTree = "<group>"; };
		97705C7D2C22C8CC0090348F /* Assets.xcassets */ = {isa = PBXFileReference; lastKnownFileType = folder.assetcatalog; path = Assets.xcassets; sourceTree = "<group>"; };
		97705C802C22C8CC0090348F /* Preview Assets.xcassets */ = {isa = PBXFileReference; lastKnownFileType = folder.assetcatalog; path = "Preview Assets.xcassets"; sourceTree = "<group>"; };
		97705C8D2C22D4F80090348F /* LoadingView.swift */ = {isa = PBXFileReference; lastKnownFileType = sourcecode.swift; path = LoadingView.swift; sourceTree = "<group>"; };
		97705C912C22DF050090348F /* ModelData.swift */ = {isa = PBXFileReference; lastKnownFileType = sourcecode.swift; path = ModelData.swift; sourceTree = "<group>"; };
		97705C932C22DF570090348F /* exQuote.json */ = {isa = PBXFileReference; lastKnownFileType = text.json; path = exQuote.json; sourceTree = "<group>"; };
		97705C972C22EC060090348F /* CManager.swift */ = {isa = PBXFileReference; lastKnownFileType = sourcecode.swift; path = CManager.swift; sourceTree = "<group>"; };
		97705C992C22EF4B0090348F /* AuthView.swift */ = {isa = PBXFileReference; lastKnownFileType = sourcecode.swift; path = AuthView.swift; sourceTree = "<group>"; };
		97705C9F2C235EF40090348F /* Structs.swift */ = {isa = PBXFileReference; lastKnownFileType = sourcecode.swift; path = Structs.swift; sourceTree = "<group>"; };
		97705CB12C23769E0090348F /* WidgetKit.framework */ = {isa = PBXFileReference; lastKnownFileType = wrapper.framework; name = WidgetKit.framework; path = System/Library/Frameworks/WidgetKit.framework; sourceTree = SDKROOT; };
		97705CB32C23769E0090348F /* SwiftUI.framework */ = {isa = PBXFileReference; lastKnownFileType = wrapper.framework; name = SwiftUI.framework; path = System/Library/Frameworks/SwiftUI.framework; sourceTree = SDKROOT; };
		97705CCC2C2377050090348F /* cm-widgetsExtension.appex */ = {isa = PBXFileReference; explicitFileType = "wrapper.app-extension"; includeInIndex = 0; path = "cm-widgetsExtension.appex"; sourceTree = BUILT_PRODUCTS_DIR; };
		97705CD02C2377050090348F /* cm_widgetsBundle.swift */ = {isa = PBXFileReference; lastKnownFileType = sourcecode.swift; path = cm_widgetsBundle.swift; sourceTree = "<group>"; };
		97705CD22C2377050090348F /* cm_widgetsLiveActivity.swift */ = {isa = PBXFileReference; lastKnownFileType = sourcecode.swift; path = cm_widgetsLiveActivity.swift; sourceTree = "<group>"; };
		97705CD42C2377050090348F /* cm_widgets.swift */ = {isa = PBXFileReference; lastKnownFileType = sourcecode.swift; path = cm_widgets.swift; sourceTree = "<group>"; };
		97705CD62C2377050090348F /* AppIntent.swift */ = {isa = PBXFileReference; lastKnownFileType = sourcecode.swift; path = AppIntent.swift; sourceTree = "<group>"; };
		97705CD82C2377060090348F /* Assets.xcassets */ = {isa = PBXFileReference; lastKnownFileType = folder.assetcatalog; path = Assets.xcassets; sourceTree = "<group>"; };
		97705CDA2C2377060090348F /* Info.plist */ = {isa = PBXFileReference; lastKnownFileType = text.plist.xml; path = Info.plist; sourceTree = "<group>"; };
		97705CE12C237D4E0090348F /* InfoView.swift */ = {isa = PBXFileReference; lastKnownFileType = sourcecode.swift; path = InfoView.swift; sourceTree = "<group>"; };
		978A8E952C24F178002C775B /* DetailView.swift */ = {isa = PBXFileReference; lastKnownFileType = sourcecode.swift; path = DetailView.swift; sourceTree = "<group>"; };
		978A8E972C24F633002C775B /* HomeView.swift */ = {isa = PBXFileReference; lastKnownFileType = sourcecode.swift; path = HomeView.swift; sourceTree = "<group>"; };
/* End PBXFileReference section */

/* Begin PBXFrameworksBuildPhase section */
		97705C732C22C8CB0090348F /* Frameworks */ = {
			isa = PBXFrameworksBuildPhase;
			buildActionMask = 2147483647;
			files = (
			);
			runOnlyForDeploymentPostprocessing = 0;
		};
		97705CC92C2377050090348F /* Frameworks */ = {
			isa = PBXFrameworksBuildPhase;
			buildActionMask = 2147483647;
			files = (
				97705CCE2C2377050090348F /* SwiftUI.framework in Frameworks */,
				97705CCD2C2377050090348F /* WidgetKit.framework in Frameworks */,
			);
			runOnlyForDeploymentPostprocessing = 0;
		};
/* End PBXFrameworksBuildPhase section */

/* Begin PBXGroup section */
		97705C6D2C22C8CB0090348F = {
			isa = PBXGroup;
			children = (
				97705C782C22C8CB0090348F /* checkmathe-ios */,
				97705CCF2C2377050090348F /* cm-widgets */,
				97705CB02C23769E0090348F /* Frameworks */,
				97705C772C22C8CB0090348F /* Products */,
			);
			sourceTree = "<group>";
		};
		97705C772C22C8CB0090348F /* Products */ = {
			isa = PBXGroup;
			children = (
				97705C762C22C8CB0090348F /* checkmathe-ios.app */,
				97705CCC2C2377050090348F /* cm-widgetsExtension.appex */,
			);
			name = Products;
			sourceTree = "<group>";
		};
		97705C782C22C8CB0090348F /* checkmathe-ios */ = {
			isa = PBXGroup;
			children = (
				97705C8A2C22D2BF0090348F /* Views */,
				97705C872C22CC820090348F /* Managers */,
				97705C792C22C8CB0090348F /* checkmathe_iosApp.swift */,
				97705C7D2C22C8CC0090348F /* Assets.xcassets */,
				97705C7F2C22C8CC0090348F /* Preview Content */,
			);
			path = "checkmathe-ios";
			sourceTree = "<group>";
		};
		97705C7F2C22C8CC0090348F /* Preview Content */ = {
			isa = PBXGroup;
			children = (
				97705C802C22C8CC0090348F /* Preview Assets.xcassets */,
				97705C912C22DF050090348F /* ModelData.swift */,
				97705C932C22DF570090348F /* exQuote.json */,
				975327B02C24859D0002774E /* exTut.json */,
				975327B42C2486140002774E /* exSubjects.json */,
				975327B62C2486660002774E /* exTuts.json */,
			);
			path = "Preview Content";
			sourceTree = "<group>";
		};
		97705C872C22CC820090348F /* Managers */ = {
			isa = PBXGroup;
			children = (
				97705C972C22EC060090348F /* CManager.swift */,
				97705C9F2C235EF40090348F /* Structs.swift */,
			);
			path = Managers;
			sourceTree = "<group>";
		};
		97705C8A2C22D2BF0090348F /* Views */ = {
			isa = PBXGroup;
			children = (
				97705C7B2C22C8CB0090348F /* ContentView.swift */,
				97705C8D2C22D4F80090348F /* LoadingView.swift */,
				97705C992C22EF4B0090348F /* AuthView.swift */,
				97705CE12C237D4E0090348F /* InfoView.swift */,
				975327B82C2489350002774E /* CardsView.swift */,
				978A8E952C24F178002C775B /* DetailView.swift */,
				978A8E972C24F633002C775B /* HomeView.swift */,
			);
			path = Views;
			sourceTree = "<group>";
		};
		97705CB02C23769E0090348F /* Frameworks */ = {
			isa = PBXGroup;
			children = (
				97705CB12C23769E0090348F /* WidgetKit.framework */,
				97705CB32C23769E0090348F /* SwiftUI.framework */,
			);
			name = Frameworks;
			sourceTree = "<group>";
		};
		97705CCF2C2377050090348F /* cm-widgets */ = {
			isa = PBXGroup;
			children = (
				97705CD02C2377050090348F /* cm_widgetsBundle.swift */,
				97705CD22C2377050090348F /* cm_widgetsLiveActivity.swift */,
				97705CD42C2377050090348F /* cm_widgets.swift */,
				97705CD62C2377050090348F /* AppIntent.swift */,
				97705CD82C2377060090348F /* Assets.xcassets */,
				97705CDA2C2377060090348F /* Info.plist */,
			);
			path = "cm-widgets";
			sourceTree = "<group>";
		};
/* End PBXGroup section */

/* Begin PBXNativeTarget section */
		97705C752C22C8CB0090348F /* checkmathe-ios */ = {
			isa = PBXNativeTarget;
			buildConfigurationList = 97705C842C22C8CC0090348F /* Build configuration list for PBXNativeTarget "checkmathe-ios" */;
			buildPhases = (
				97705C722C22C8CB0090348F /* Sources */,
				97705C732C22C8CB0090348F /* Frameworks */,
				97705C742C22C8CB0090348F /* Resources */,
				97705CC42C2376A00090348F /* Embed Foundation Extensions */,
			);
			buildRules = (
			);
			dependencies = (
				97705CDC2C2377060090348F /* PBXTargetDependency */,
			);
			name = "checkmathe-ios";
			productName = "checkmathe-ios";
			productReference = 97705C762C22C8CB0090348F /* checkmathe-ios.app */;
			productType = "com.apple.product-type.application";
		};
		97705CCB2C2377050090348F /* cm-widgetsExtension */ = {
			isa = PBXNativeTarget;
			buildConfigurationList = 97705CDE2C2377060090348F /* Build configuration list for PBXNativeTarget "cm-widgetsExtension" */;
			buildPhases = (
				97705CC82C2377050090348F /* Sources */,
				97705CC92C2377050090348F /* Frameworks */,
				97705CCA2C2377050090348F /* Resources */,
			);
			buildRules = (
			);
			dependencies = (
			);
			name = "cm-widgetsExtension";
			productName = "cm-widgetsExtension";
			productReference = 97705CCC2C2377050090348F /* cm-widgetsExtension.appex */;
			productType = "com.apple.product-type.app-extension";
		};
/* End PBXNativeTarget section */

/* Begin PBXProject section */
		97705C6E2C22C8CB0090348F /* Project object */ = {
			isa = PBXProject;
			attributes = {
				BuildIndependentTargetsInParallel = 1;
				LastSwiftUpdateCheck = 1540;
				LastUpgradeCheck = 1540;
				TargetAttributes = {
					97705C752C22C8CB0090348F = {
						CreatedOnToolsVersion = 15.4;
					};
					97705CCB2C2377050090348F = {
						CreatedOnToolsVersion = 15.4;
					};
				};
			};
			buildConfigurationList = 97705C712C22C8CB0090348F /* Build configuration list for PBXProject "checkmathe-ios" */;
			compatibilityVersion = "Xcode 14.0";
			developmentRegion = en;
			hasScannedForEncodings = 0;
			knownRegions = (
				en,
				Base,
			);
			mainGroup = 97705C6D2C22C8CB0090348F;
			productRefGroup = 97705C772C22C8CB0090348F /* Products */;
			projectDirPath = "";
			projectRoot = "";
			targets = (
				97705C752C22C8CB0090348F /* checkmathe-ios */,
				97705CCB2C2377050090348F /* cm-widgetsExtension */,
			);
		};
/* End PBXProject section */

/* Begin PBXResourcesBuildPhase section */
		97705C742C22C8CB0090348F /* Resources */ = {
			isa = PBXResourcesBuildPhase;
			buildActionMask = 2147483647;
			files = (
				975327B12C24859D0002774E /* exTut.json in Resources */,
				975327B52C2486140002774E /* exSubjects.json in Resources */,
				97705C812C22C8CC0090348F /* Preview Assets.xcassets in Resources */,
				97705C942C22DF570090348F /* exQuote.json in Resources */,
				975327B72C2486660002774E /* exTuts.json in Resources */,
				97705C7E2C22C8CC0090348F /* Assets.xcassets in Resources */,
			);
			runOnlyForDeploymentPostprocessing = 0;
		};
		97705CCA2C2377050090348F /* Resources */ = {
			isa = PBXResourcesBuildPhase;
			buildActionMask = 2147483647;
			files = (
				97705CD92C2377060090348F /* Assets.xcassets in Resources */,
			);
			runOnlyForDeploymentPostprocessing = 0;
		};
/* End PBXResourcesBuildPhase section */

/* Begin PBXSourcesBuildPhase section */
		97705C722C22C8CB0090348F /* Sources */ = {
			isa = PBXSourcesBuildPhase;
			buildActionMask = 2147483647;
			files = (
				97705CE22C237D4E0090348F /* InfoView.swift in Sources */,
				975327B92C2489350002774E /* CardsView.swift in Sources */,
				97705CA02C235EF40090348F /* Structs.swift in Sources */,
				978A8E962C24F178002C775B /* DetailView.swift in Sources */,
				97705C7C2C22C8CB0090348F /* ContentView.swift in Sources */,
				978A8E982C24F633002C775B /* HomeView.swift in Sources */,
				97705C8E2C22D4F80090348F /* LoadingView.swift in Sources */,
				97705C7A2C22C8CB0090348F /* checkmathe_iosApp.swift in Sources */,
				97705C922C22DF050090348F /* ModelData.swift in Sources */,
				97705C9A2C22EF4B0090348F /* AuthView.swift in Sources */,
				97705C982C22EC060090348F /* CManager.swift in Sources */,
			);
			runOnlyForDeploymentPostprocessing = 0;
		};
		97705CC82C2377050090348F /* Sources */ = {
			isa = PBXSourcesBuildPhase;
			buildActionMask = 2147483647;
			files = (
				97705CD32C2377050090348F /* cm_widgetsLiveActivity.swift in Sources */,
				97705CD72C2377050090348F /* AppIntent.swift in Sources */,
				97705CD52C2377050090348F /* cm_widgets.swift in Sources */,
				97705CD12C2377050090348F /* cm_widgetsBundle.swift in Sources */,
			);
			runOnlyForDeploymentPostprocessing = 0;
		};
/* End PBXSourcesBuildPhase section */

/* Begin PBXTargetDependency section */
		97705CDC2C2377060090348F /* PBXTargetDependency */ = {
			isa = PBXTargetDependency;
			target = 97705CCB2C2377050090348F /* cm-widgetsExtension */;
			targetProxy = 97705CDB2C2377060090348F /* PBXContainerItemProxy */;
		};
/* End PBXTargetDependency section */

/* Begin XCBuildConfiguration section */
		97705C822C22C8CC0090348F /* Debug */ = {
			isa = XCBuildConfiguration;
			buildSettings = {
				ALWAYS_SEARCH_USER_PATHS = NO;
				ASSETCATALOG_COMPILER_GENERATE_SWIFT_ASSET_SYMBOL_EXTENSIONS = YES;
				CLANG_ANALYZER_NONNULL = YES;
				CLANG_ANALYZER_NUMBER_OBJECT_CONVERSION = YES_AGGRESSIVE;
				CLANG_CXX_LANGUAGE_STANDARD = "gnu++20";
				CLANG_ENABLE_MODULES = YES;
				CLANG_ENABLE_OBJC_ARC = YES;
				CLANG_ENABLE_OBJC_WEAK = YES;
				CLANG_WARN_BLOCK_CAPTURE_AUTORELEASING = YES;
				CLANG_WARN_BOOL_CONVERSION = YES;
				CLANG_WARN_COMMA = YES;
				CLANG_WARN_CONSTANT_CONVERSION = YES;
				CLANG_WARN_DEPRECATED_OBJC_IMPLEMENTATIONS = YES;
				CLANG_WARN_DIRECT_OBJC_ISA_USAGE = YES_ERROR;
				CLANG_WARN_DOCUMENTATION_COMMENTS = YES;
				CLANG_WARN_EMPTY_BODY = YES;
				CLANG_WARN_ENUM_CONVERSION = YES;
				CLANG_WARN_INFINITE_RECURSION = YES;
				CLANG_WARN_INT_CONVERSION = YES;
				CLANG_WARN_NON_LITERAL_NULL_CONVERSION = YES;
				CLANG_WARN_OBJC_IMPLICIT_RETAIN_SELF = YES;
				CLANG_WARN_OBJC_LITERAL_CONVERSION = YES;
				CLANG_WARN_OBJC_ROOT_CLASS = YES_ERROR;
				CLANG_WARN_QUOTED_INCLUDE_IN_FRAMEWORK_HEADER = YES;
				CLANG_WARN_RANGE_LOOP_ANALYSIS = YES;
				CLANG_WARN_STRICT_PROTOTYPES = YES;
				CLANG_WARN_SUSPICIOUS_MOVE = YES;
				CLANG_WARN_UNGUARDED_AVAILABILITY = YES_AGGRESSIVE;
				CLANG_WARN_UNREACHABLE_CODE = YES;
				CLANG_WARN__DUPLICATE_METHOD_MATCH = YES;
				COPY_PHASE_STRIP = NO;
				DEBUG_INFORMATION_FORMAT = dwarf;
				ENABLE_STRICT_OBJC_MSGSEND = YES;
				ENABLE_TESTABILITY = YES;
				ENABLE_USER_SCRIPT_SANDBOXING = YES;
				GCC_C_LANGUAGE_STANDARD = gnu17;
				GCC_DYNAMIC_NO_PIC = NO;
				GCC_NO_COMMON_BLOCKS = YES;
				GCC_OPTIMIZATION_LEVEL = 0;
				GCC_PREPROCESSOR_DEFINITIONS = (
					"DEBUG=1",
					"$(inherited)",
				);
				GCC_WARN_64_TO_32_BIT_CONVERSION = YES;
				GCC_WARN_ABOUT_RETURN_TYPE = YES_ERROR;
				GCC_WARN_UNDECLARED_SELECTOR = YES;
				GCC_WARN_UNINITIALIZED_AUTOS = YES_AGGRESSIVE;
				GCC_WARN_UNUSED_FUNCTION = YES;
				GCC_WARN_UNUSED_VARIABLE = YES;
				IPHONEOS_DEPLOYMENT_TARGET = 17.5;
				LOCALIZATION_PREFERS_STRING_CATALOGS = YES;
				MTL_ENABLE_DEBUG_INFO = INCLUDE_SOURCE;
				MTL_FAST_MATH = YES;
				ONLY_ACTIVE_ARCH = YES;
				SDKROOT = iphoneos;
				SWIFT_ACTIVE_COMPILATION_CONDITIONS = "DEBUG $(inherited)";
				SWIFT_OPTIMIZATION_LEVEL = "-Onone";
			};
			name = Debug;
		};
		97705C832C22C8CC0090348F /* Release */ = {
			isa = XCBuildConfiguration;
			buildSettings = {
				ALWAYS_SEARCH_USER_PATHS = NO;
				ASSETCATALOG_COMPILER_GENERATE_SWIFT_ASSET_SYMBOL_EXTENSIONS = YES;
				CLANG_ANALYZER_NONNULL = YES;
				CLANG_ANALYZER_NUMBER_OBJECT_CONVERSION = YES_AGGRESSIVE;
				CLANG_CXX_LANGUAGE_STANDARD = "gnu++20";
				CLANG_ENABLE_MODULES = YES;
				CLANG_ENABLE_OBJC_ARC = YES;
				CLANG_ENABLE_OBJC_WEAK = YES;
				CLANG_WARN_BLOCK_CAPTURE_AUTORELEASING = YES;
				CLANG_WARN_BOOL_CONVERSION = YES;
				CLANG_WARN_COMMA = YES;
				CLANG_WARN_CONSTANT_CONVERSION = YES;
				CLANG_WARN_DEPRECATED_OBJC_IMPLEMENTATIONS = YES;
				CLANG_WARN_DIRECT_OBJC_ISA_USAGE = YES_ERROR;
				CLANG_WARN_DOCUMENTATION_COMMENTS = YES;
				CLANG_WARN_EMPTY_BODY = YES;
				CLANG_WARN_ENUM_CONVERSION = YES;
				CLANG_WARN_INFINITE_RECURSION = YES;
				CLANG_WARN_INT_CONVERSION = YES;
				CLANG_WARN_NON_LITERAL_NULL_CONVERSION = YES;
				CLANG_WARN_OBJC_IMPLICIT_RETAIN_SELF = YES;
				CLANG_WARN_OBJC_LITERAL_CONVERSION = YES;
				CLANG_WARN_OBJC_ROOT_CLASS = YES_ERROR;
				CLANG_WARN_QUOTED_INCLUDE_IN_FRAMEWORK_HEADER = YES;
				CLANG_WARN_RANGE_LOOP_ANALYSIS = YES;
				CLANG_WARN_STRICT_PROTOTYPES = YES;
				CLANG_WARN_SUSPICIOUS_MOVE = YES;
				CLANG_WARN_UNGUARDED_AVAILABILITY = YES_AGGRESSIVE;
				CLANG_WARN_UNREACHABLE_CODE = YES;
				CLANG_WARN__DUPLICATE_METHOD_MATCH = YES;
				COPY_PHASE_STRIP = NO;
				DEBUG_INFORMATION_FORMAT = "dwarf-with-dsym";
				ENABLE_NS_ASSERTIONS = NO;
				ENABLE_STRICT_OBJC_MSGSEND = YES;
				ENABLE_USER_SCRIPT_SANDBOXING = YES;
				GCC_C_LANGUAGE_STANDARD = gnu17;
				GCC_NO_COMMON_BLOCKS = YES;
				GCC_WARN_64_TO_32_BIT_CONVERSION = YES;
				GCC_WARN_ABOUT_RETURN_TYPE = YES_ERROR;
				GCC_WARN_UNDECLARED_SELECTOR = YES;
				GCC_WARN_UNINITIALIZED_AUTOS = YES_AGGRESSIVE;
				GCC_WARN_UNUSED_FUNCTION = YES;
				GCC_WARN_UNUSED_VARIABLE = YES;
				IPHONEOS_DEPLOYMENT_TARGET = 17.5;
				LOCALIZATION_PREFERS_STRING_CATALOGS = YES;
				MTL_ENABLE_DEBUG_INFO = NO;
				MTL_FAST_MATH = YES;
				SDKROOT = iphoneos;
				SWIFT_COMPILATION_MODE = wholemodule;
				VALIDATE_PRODUCT = YES;
			};
			name = Release;
		};
		97705C852C22C8CC0090348F /* Debug */ = {
			isa = XCBuildConfiguration;
			buildSettings = {
				ALWAYS_EMBED_SWIFT_STANDARD_LIBRARIES = YES;
				ASSETCATALOG_COMPILER_APPICON_NAME = AppIcon;
				ASSETCATALOG_COMPILER_GLOBAL_ACCENT_COLOR_NAME = AccentColor;
				CODE_SIGN_STYLE = Automatic;
				CURRENT_PROJECT_VERSION = 1;
				DEVELOPMENT_ASSET_PATHS = "\"checkmathe-ios/Preview Content\"";
				DEVELOPMENT_TEAM = Y8K762KJBC;
				ENABLE_PREVIEWS = YES;
				GENERATE_INFOPLIST_FILE = YES;
				INFOPLIST_KEY_CFBundleDisplayName = CheckMathe;
				INFOPLIST_KEY_LSApplicationCategoryType = "public.app-category.education";
				INFOPLIST_KEY_UIApplicationSceneManifest_Generation = YES;
				INFOPLIST_KEY_UIApplicationSupportsIndirectInputEvents = YES;
				INFOPLIST_KEY_UILaunchScreen_Generation = YES;
				INFOPLIST_KEY_UISupportedInterfaceOrientations_iPad = "UIInterfaceOrientationPortrait UIInterfaceOrientationPortraitUpsideDown UIInterfaceOrientationLandscapeLeft UIInterfaceOrientationLandscapeRight";
				INFOPLIST_KEY_UISupportedInterfaceOrientations_iPhone = "UIInterfaceOrientationPortrait UIInterfaceOrientationLandscapeLeft UIInterfaceOrientationLandscapeRight";
				LD_RUNPATH_SEARCH_PATHS = (
					"$(inherited)",
					"@executable_path/Frameworks",
				);
				MARKETING_VERSION = 1.0;
				PRODUCT_BUNDLE_IDENTIFIER = "nicostern.checkmathe-ios";
				PRODUCT_NAME = "$(TARGET_NAME)";
				SWIFT_EMIT_LOC_STRINGS = YES;
				SWIFT_VERSION = 5.0;
				TARGETED_DEVICE_FAMILY = "1,2";
			};
			name = Debug;
		};
		97705C862C22C8CC0090348F /* Release */ = {
			isa = XCBuildConfiguration;
			buildSettings = {
				ALWAYS_EMBED_SWIFT_STANDARD_LIBRARIES = YES;
				ASSETCATALOG_COMPILER_APPICON_NAME = AppIcon;
				ASSETCATALOG_COMPILER_GLOBAL_ACCENT_COLOR_NAME = AccentColor;
				CODE_SIGN_STYLE = Automatic;
				CURRENT_PROJECT_VERSION = 1;
				DEVELOPMENT_ASSET_PATHS = "\"checkmathe-ios/Preview Content\"";
				DEVELOPMENT_TEAM = Y8K762KJBC;
				ENABLE_PREVIEWS = YES;
				GENERATE_INFOPLIST_FILE = YES;
				INFOPLIST_KEY_CFBundleDisplayName = CheckMathe;
				INFOPLIST_KEY_LSApplicationCategoryType = "public.app-category.education";
				INFOPLIST_KEY_UIApplicationSceneManifest_Generation = YES;
				INFOPLIST_KEY_UIApplicationSupportsIndirectInputEvents = YES;
				INFOPLIST_KEY_UILaunchScreen_Generation = YES;
				INFOPLIST_KEY_UISupportedInterfaceOrientations_iPad = "UIInterfaceOrientationPortrait UIInterfaceOrientationPortraitUpsideDown UIInterfaceOrientationLandscapeLeft UIInterfaceOrientationLandscapeRight";
				INFOPLIST_KEY_UISupportedInterfaceOrientations_iPhone = "UIInterfaceOrientationPortrait UIInterfaceOrientationLandscapeLeft UIInterfaceOrientationLandscapeRight";
				LD_RUNPATH_SEARCH_PATHS = (
					"$(inherited)",
					"@executable_path/Frameworks",
				);
				MARKETING_VERSION = 1.0;
				PRODUCT_BUNDLE_IDENTIFIER = "nicostern.checkmathe-ios";
				PRODUCT_NAME = "$(TARGET_NAME)";
				SWIFT_EMIT_LOC_STRINGS = YES;
				SWIFT_VERSION = 5.0;
				TARGETED_DEVICE_FAMILY = "1,2";
			};
			name = Release;
		};
		97705CDF2C2377060090348F /* Debug */ = {
			isa = XCBuildConfiguration;
			buildSettings = {
				ASSETCATALOG_COMPILER_GLOBAL_ACCENT_COLOR_NAME = AccentColor;
				ASSETCATALOG_COMPILER_WIDGET_BACKGROUND_COLOR_NAME = WidgetBackground;
				CODE_SIGN_STYLE = Automatic;
				CURRENT_PROJECT_VERSION = 1;
				DEVELOPMENT_TEAM = Y8K762KJBC;
				GENERATE_INFOPLIST_FILE = YES;
				INFOPLIST_FILE = "cm-widgets/Info.plist";
				INFOPLIST_KEY_CFBundleDisplayName = "cm-widgets";
				INFOPLIST_KEY_NSHumanReadableCopyright = "";
				LD_RUNPATH_SEARCH_PATHS = (
					"$(inherited)",
					"@executable_path/Frameworks",
					"@executable_path/../../Frameworks",
				);
				MARKETING_VERSION = 1.0;
				PRODUCT_BUNDLE_IDENTIFIER = "nicostern.checkmathe-ios.cm-widgets";
				PRODUCT_NAME = "$(TARGET_NAME)";
				SKIP_INSTALL = YES;
				SWIFT_EMIT_LOC_STRINGS = YES;
				SWIFT_VERSION = 5.0;
				TARGETED_DEVICE_FAMILY = "1,2";
			};
			name = Debug;
		};
		97705CE02C2377060090348F /* Release */ = {
			isa = XCBuildConfiguration;
			buildSettings = {
				ASSETCATALOG_COMPILER_GLOBAL_ACCENT_COLOR_NAME = AccentColor;
				ASSETCATALOG_COMPILER_WIDGET_BACKGROUND_COLOR_NAME = WidgetBackground;
				CODE_SIGN_STYLE = Automatic;
				CURRENT_PROJECT_VERSION = 1;
				DEVELOPMENT_TEAM = Y8K762KJBC;
				GENERATE_INFOPLIST_FILE = YES;
				INFOPLIST_FILE = "cm-widgets/Info.plist";
				INFOPLIST_KEY_CFBundleDisplayName = "cm-widgets";
				INFOPLIST_KEY_NSHumanReadableCopyright = "";
				LD_RUNPATH_SEARCH_PATHS = (
					"$(inherited)",
					"@executable_path/Frameworks",
					"@executable_path/../../Frameworks",
				);
				MARKETING_VERSION = 1.0;
				PRODUCT_BUNDLE_IDENTIFIER = "nicostern.checkmathe-ios.cm-widgets";
				PRODUCT_NAME = "$(TARGET_NAME)";
				SKIP_INSTALL = YES;
				SWIFT_EMIT_LOC_STRINGS = YES;
				SWIFT_VERSION = 5.0;
				TARGETED_DEVICE_FAMILY = "1,2";
			};
			name = Release;
		};
/* End XCBuildConfiguration section */

/* Begin XCConfigurationList section */
		97705C712C22C8CB0090348F /* Build configuration list for PBXProject "checkmathe-ios" */ = {
			isa = XCConfigurationList;
			buildConfigurations = (
				97705C822C22C8CC0090348F /* Debug */,
				97705C832C22C8CC0090348F /* Release */,
			);
			defaultConfigurationIsVisible = 0;
			defaultConfigurationName = Release;
		};
		97705C842C22C8CC0090348F /* Build configuration list for PBXNativeTarget "checkmathe-ios" */ = {
			isa = XCConfigurationList;
			buildConfigurations = (
				97705C852C22C8CC0090348F /* Debug */,
				97705C862C22C8CC0090348F /* Release */,
			);
			defaultConfigurationIsVisible = 0;
			defaultConfigurationName = Release;
		};
		97705CDE2C2377060090348F /* Build configuration list for PBXNativeTarget "cm-widgetsExtension" */ = {
			isa = XCConfigurationList;
			buildConfigurations = (
				97705CDF2C2377060090348F /* Debug */,
				97705CE02C2377060090348F /* Release */,
			);
			defaultConfigurationIsVisible = 0;
			defaultConfigurationName = Release;
		};
/* End XCConfigurationList section */
	};
	rootObject = 97705C6E2C22C8CB0090348F /* Project object */;
}
